
Microsoft Visual Studio Solution File, Format Version 12.00
# Visual Studio Version 17
VisualStudioVersion = 17.14.36408.4
MinimumVisualStudioVersion = 10.0.40219.1
Project("{FAE04EC0-301F-11D3-BF4B-00C04F79EFBC}") = "No More Trash", "NoMoreTrash/NoMoreTrash.csproj", "{760956B4-ADA6-4A7E-B99E-BD28BDA18C56}"
EndProject
Global
	GlobalSection(SolutionConfigurationPlatforms) = preSolution
		IL2CPP|Any CPU = IL2CPP|Any CPU
		IL2CPP|x64 = IL2CPP|x64
		Mono|Any CPU = Mono|Any CPU
		Mono|x64 = Mono|x64
	EndGlobalSection
	GlobalSection(ProjectConfigurationPlatforms) = postSolution
		{760956B4-ADA6-4A7E-B99E-BD28BDA18C56}.IL2CPP|Any CPU.ActiveCfg = IL2CPP|Any CPU
		{760956B4-ADA6-4A7E-B99E-BD28BDA18C56}.IL2CPP|Any CPU.Build.0 = IL2CPP|Any CPU
		{760956B4-ADA6-4A7E-B99E-BD28BDA18C56}.IL2CPP|x64.ActiveCfg = IL2CPP|x64
		{760956B4-ADA6-4A7E-B99E-BD28BDA18C56}.IL2CPP|x64.Build.0 = IL2CPP|x64
		{760956B4-ADA6-4A7E-B99E-BD28BDA18C56}.Mono|Any CPU.ActiveCfg = Mono|Any CPU
		{760956B4-ADA6-4A7E-B99E-BD28BDA18C56}.Mono|Any CPU.Build.0 = Mono|Any CPU
		{760956B4-ADA6-4A7E-B99E-BD28BDA18C56}.Mono|x64.ActiveCfg = Mono|x64
		{760956B4-ADA6-4A7E-B99E-BD28BDA18C56}.Mono|x64.Build.0 = Mono|x64
	EndGlobalSection
	GlobalSection(SolutionProperties) = preSolution
		HideSolutionNode = FALSE
	EndGlobalSection
	GlobalSection(ExtensibilityGlobals) = postSolution
		SolutionGuid = {5D08FC01-6011-41DE-B1FE-9646ACDC27DB}
	EndGlobalSection
EndGlobal